<?xml version="1.0" encoding="utf-8"?>
<Project ToolsVersion="4.0" xmlns="http://schemas.microsoft.com/developer/msbuild/2003">
  <ItemGroup>
    <Filter Include="Source Files">
      <UniqueIdentifier>{4FC737F1-C7A5-4376-A066-2A32D752A2FF}</UniqueIdentifier>
      <Extensions>cpp;c;cc;cxx;def;odl;idl;hpj;bat;asm;asmx</Extensions>
    </Filter>
    <Filter Include="Header Files">
      <UniqueIdentifier>{93995380-89BD-4b04-88EB-625FBE52EBFB}</UniqueIdentifier>
      <Extensions>h;hpp;hxx;hm;inl;inc;xsd</Extensions>
    </Filter>
    <Filter Include="Resource Files">
      <UniqueIdentifier>{67DA6AB6-F800-4c08-8B7A-83BB121AAD01}</UniqueIdentifier>
      <Extensions>rc;ico;cur;bmp;dlg;rc2;rct;bin;rgs;gif;jpg;jpeg;jpe;resx;tiff;tif;png;wav;mfcribbon-ms</Extensions>
    </Filter>
  </ItemGroup>
  <ItemGroup>
    <ClCompile Include="..\..\OutputProc\src\MSWriterCorrelated.cc">
      <Filter>Source Files</Filter>
    </ClCompile>
    <ClCompile Include="..\..\OutputProc\src\MSWriterDAL.cc">
      <Filter>Source Files</Filter>
    </ClCompile>
    <ClCompile Include="..\..\OutputProc\src\MSWriterFile.cc">
      <Filter>Source Files</Filter>
    </ClCompile>
    <ClCompile Include="..\..\OutputProc\src\MSWriterNull.cc">
      <Filter>Source Files</Filter>
    </ClCompile>
    <ClCompile Include="..\..\OutputProc\src\outputProc.cc">
      <Filter>Source Files</Filter>
    </ClCompile>
    <ClCompile Include="..\..\OutputProc\src\OutputThread.cc">
      <Filter>Source Files</Filter>
    </ClCompile>
    <ClCompile Include="..\..\OutputProc\src\plotMS.cc">
      <Filter>Source Files</Filter>
    </ClCompile>
    <ClCompile Include="..\..\OutputProc\src\SubbandWriter.cc">
      <Filter>Source Files</Filter>
    </ClCompile>
    <ClCompile Include="..\..\OutputProc\src\TBB_StaticMapping.cc">
      <Filter>Source Files</Filter>
    </ClCompile>
    <ClCompile Include="..\..\OutputProc\src\TBB_Writer.cc">
      <Filter>Source Files</Filter>
    </ClCompile>
    <ClCompile Include="..\..\OutputProc\src\TBB_Writer_main.cc">
      <Filter>Source Files</Filter>
    </ClCompile>
    <ClCompile Include="..\..\OutputProc\src\createHeaders.cc">
      <Filter>Source Files</Filter>
    </ClCompile>
    <ClCompile Include="..\..\OutputProc\src\ExitOnClosedStdin.cc">
      <Filter>Source Files</Filter>
    </ClCompile>
    <ClCompile Include="..\..\OutputProc\src\FastFileStream.cc">
      <Filter>Source Files</Filter>
    </ClCompile>
    <ClCompile Include="..\..\OutputProc\src\Format.cc">
      <Filter>Source Files</Filter>
    </ClCompile>
    <ClCompile Include="..\..\OutputProc\src\InputThread.cc">
      <Filter>Source Files</Filter>
    </ClCompile>
    <ClCompile Include="..\..\OutputProc\src\MeasurementSetFormat.cc">
      <Filter>Source Files</Filter>
    </ClCompile>
    <ClCompile Include="..\..\OutputProc\src\MSWriter.cc">
      <Filter>Source Files</Filter>
    </ClCompile>
  </ItemGroup>
  <ItemGroup>
    <None Include="..\..\OutputProc\src\PropertyInterface.conf" />
    <None Include="..\..\OutputProc\src\outputProc.log_prop" />
    <None Include="..\..\OutputProc\src\gnuplotMS.sh" />
    <None Include="..\..\OutputProc\src\CMakeLists.txt" />
  </ItemGroup>
  <ItemGroup>
    <ClInclude Include="..\..\OutputProc\src\ExitOnClosedStdin.h">
      <Filter>Header Files</Filter>
    </ClInclude>
    <ClInclude Include="..\..\OutputProc\src\FastFileStream.h">
      <Filter>Header Files</Filter>
    </ClInclude>
    <ClInclude Include="..\..\OutputProc\src\Format.h">
      <Filter>Header Files</Filter>
    </ClInclude>
    <ClInclude Include="..\..\OutputProc\src\HDF5Attributes.h">
      <Filter>Header Files</Filter>
    </ClInclude>
    <ClInclude Include="..\..\OutputProc\src\InputThread.h">
      <Filter>Header Files</Filter>
    </ClInclude>
    <ClInclude Include="..\..\OutputProc\src\IOPriority.h">
      <Filter>Header Files</Filter>
    </ClInclude>
    <ClInclude Include="..\..\OutputProc\src\MeasurementSetFormat.h">
      <Filter>Header Files</Filter>
    </ClInclude>
    <ClInclude Include="..\..\OutputProc\src\MSWriter.h">
      <Filter>Header Files</Filter>
    </ClInclude>
    <ClInclude Include="..\..\OutputProc\src\MSWriterCorrelated.h">
      <Filter>Header Files</Filter>
    </ClInclude>
    <ClInclude Include="..\..\OutputProc\src\MSWriterDAL.h">
      <Filter>Header Files</Filter>
    </ClInclude>
    <ClInclude Include="..\..\OutputProc\src\MSWriterFile.h">
      <Filter>Header Files</Filter>
    </ClInclude>
    <ClInclude Include="..\..\OutputProc\src\MSWriterNull.h">
      <Filter>Header Files</Filter>
    </ClInclude>
    <ClInclude Include="..\..\OutputProc\src\OutputThread.h">
      <Filter>Header Files</Filter>
    </ClInclude>
    <ClInclude Include="..\..\OutputProc\src\SubbandWriter.h">
      <Filter>Header Files</Filter>
    </ClInclude>
    <ClInclude Include="..\..\OutputProc\src\TBB_StaticMapping.h">
      <Filter>Header Files</Filter>
    </ClInclude>
    <ClInclude Include="..\..\OutputProc\src\TBB_Writer.h">
      <Filter>Header Files</Filter>
    </ClInclude>
  </ItemGroup>
</Project>